// !$*UTF8*$!
{
	archiveVersion = 1;
	classes = {
	};
	objectVersion = 50;
	objects = {

/* Begin PBXBuildFile section */
		5A3EE71625971F6E00C52BF5 /* gothamrounded-medium.otf in Resources */ = {isa = PBXBuildFile; fileRef = 5A3EE71325971F6E00C52BF5 /* gothamrounded-medium.otf */; };
		5A3EE71725971F6E00C52BF5 /* gothamrounded-bold.otf in Resources */ = {isa = PBXBuildFile; fileRef = 5A3EE71425971F6E00C52BF5 /* gothamrounded-bold.otf */; };
		5A3EE71825971F6E00C52BF5 /* gothamrounded-book.otf in Resources */ = {isa = PBXBuildFile; fileRef = 5A3EE71525971F6E00C52BF5 /* gothamrounded-book.otf */; };
		5A3EE735259797EB00C52BF5 /* Extension.swift in Sources */ = {isa = PBXBuildFile; fileRef = 5A3EE734259797EB00C52BF5 /* Extension.swift */; };
		5AD4443B2595A28B00629EFC /* AppDelegate.swift in Sources */ = {isa = PBXBuildFile; fileRef = 5AD4443A2595A28B00629EFC /* AppDelegate.swift */; };
		5AD4443D2595A28B00629EFC /* SceneDelegate.swift in Sources */ = {isa = PBXBuildFile; fileRef = 5AD4443C2595A28B00629EFC /* SceneDelegate.swift */; };
		5AD4443F2595A28B00629EFC /* ViewController.swift in Sources */ = {isa = PBXBuildFile; fileRef = 5AD4443E2595A28B00629EFC /* ViewController.swift */; };
		5AD444422595A28C00629EFC /* Main.storyboard in Resources */ = {isa = PBXBuildFile; fileRef = 5AD444402595A28C00629EFC /* Main.storyboard */; };
		5AD444442595A28E00629EFC /* Assets.xcassets in Resources */ = {isa = PBXBuildFile; fileRef = 5AD444432595A28E00629EFC /* Assets.xcassets */; };
		5AD444472595A28E00629EFC /* LaunchScreen.storyboard in Resources */ = {isa = PBXBuildFile; fileRef = 5AD444452595A28E00629EFC /* LaunchScreen.storyboard */; };
		5AD4445725970C1900629EFC /* PlainCircularProgressBar.swift in Sources */ = {isa = PBXBuildFile; fileRef = 5AD4445625970C1900629EFC /* PlainCircularProgressBar.swift */; };
/* End PBXBuildFile section */

/* Begin PBXFileReference section */
		5A3EE71325971F6E00C52BF5 /* gothamrounded-medium.otf */ = {isa = PBXFileReference; lastKnownFileType = file; path = "gothamrounded-medium.otf"; sourceTree = "<group>"; };
		5A3EE71425971F6E00C52BF5 /* gothamrounded-bold.otf */ = {isa = PBXFileReference; lastKnownFileType = file; path = "gothamrounded-bold.otf"; sourceTree = "<group>"; };
		5A3EE71525971F6E00C52BF5 /* gothamrounded-book.otf */ = {isa = PBXFileReference; lastKnownFileType = file; path = "gothamrounded-book.otf"; sourceTree = "<group>"; };
		5A3EE734259797EB00C52BF5 /* Extension.swift */ = {isa = PBXFileReference; lastKnownFileType = sourcecode.swift; path = Extension.swift; sourceTree = "<group>"; };
		5AD444372595A28B00629EFC /* InterviewSample.app */ = {isa = PBXFileReference; explicitFileType = wrapper.application; includeInIndex = 0; path = InterviewSample.app; sourceTree = BUILT_PRODUCTS_DIR; };
		5AD4443A2595A28B00629EFC /* AppDelegate.swift */ = {isa = PBXFileReference; lastKnownFileType = sourcecode.swift; path = AppDelegate.swift; sourceTree = "<group>"; };
		5AD4443C2595A28B00629EFC /* SceneDelegate.swift */ = {isa = PBXFileReference; lastKnownFileType = sourcecode.swift; path = SceneDelegate.swift; sourceTree = "<group>"; };
		5AD4443E2595A28B00629EFC /* ViewController.swift */ = {isa = PBXFileReference; lastKnownFileType = sourcecode.swift; path = ViewController.swift; sourceTree = "<group>"; };
		5AD444412595A28C00629EFC /* Base */ = {isa = PBXFileReference; lastKnownFileType = file.storyboard; name = Base; path = Base.lproj/Main.storyboard; sourceTree = "<group>"; };
		5AD444432595A28E00629EFC /* Assets.xcassets */ = {isa = PBXFileReference; lastKnownFileType = folder.assetcatalog; path = Assets.xcassets; sourceTree = "<group>"; };
		5AD444462595A28E00629EFC /* Base */ = {isa = PBXFileReference; lastKnownFileType = file.storyboard; name = Base; path = Base.lproj/LaunchScreen.storyboard; sourceTree = "<group>"; };
		5AD444482595A28E00629EFC /* Info.plist */ = {isa = PBXFileReference; lastKnownFileType = text.plist.xml; path = Info.plist; sourceTree = "<group>"; };
		5AD4445625970C1900629EFC /* PlainCircularProgressBar.swift */ = {isa = PBXFileReference; lastKnownFileType = sourcecode.swift; path = PlainCircularProgressBar.swift; sourceTree = "<group>"; };
/* End PBXFileReference section */

/* Begin PBXFrameworksBuildPhase section */
		5AD444342595A28B00629EFC /* Frameworks */ = {
			isa = PBXFrameworksBuildPhase;
			buildActionMask = 2147483647;
			files = (
			);
			runOnlyForDeploymentPostprocessing = 0;
		};
/* End PBXFrameworksBuildPhase section */

/* Begin PBXGroup section */
		5A3EE71225971F6E00C52BF5 /* Font */ = {
			isa = PBXGroup;
			children = (
				5A3EE71325971F6E00C52BF5 /* gothamrounded-medium.otf */,
				5A3EE71425971F6E00C52BF5 /* gothamrounded-bold.otf */,
				5A3EE71525971F6E00C52BF5 /* gothamrounded-book.otf */,
			);
			path = Font;
			sourceTree = "<group>";
		};
		5AD4442E2595A28B00629EFC = {
			isa = PBXGroup;
			children = (
				5AD444392595A28B00629EFC /* InterviewSample */,
				5AD444382595A28B00629EFC /* Products */,
			);
			sourceTree = "<group>";
		};
		5AD444382595A28B00629EFC /* Products */ = {
			isa = PBXGroup;
			children = (
				5AD444372595A28B00629EFC /* InterviewSample.app */,
			);
			name = Products;
			sourceTree = "<group>";
		};
		5AD444392595A28B00629EFC /* InterviewSample */ = {
			isa = PBXGroup;
			children = (
				5A3EE71225971F6E00C52BF5 /* Font */,
				5AD444522597039600629EFC /* Controlers */,
				5AD444512597039600629EFC /* HelpersClasses */,
				5AD444532597039600629EFC /* Models */,
				5AD444502597039600629EFC /* Views */,
				5AD4443A2595A28B00629EFC /* AppDelegate.swift */,
				5AD4443C2595A28B00629EFC /* SceneDelegate.swift */,
				5AD444432595A28E00629EFC /* Assets.xcassets */,
				5AD444452595A28E00629EFC /* LaunchScreen.storyboard */,
				5AD444482595A28E00629EFC /* Info.plist */,
			);
			path = InterviewSample;
			sourceTree = "<group>";
		};
		5AD444502597039600629EFC /* Views */ = {
			isa = PBXGroup;
			children = (
				5AD444402595A28C00629EFC /* Main.storyboard */,
			);
			path = Views;
			sourceTree = "<group>";
		};
		5AD444512597039600629EFC /* HelpersClasses */ = {
			isa = PBXGroup;
			children = (
				5AD4445625970C1900629EFC /* PlainCircularProgressBar.swift */,
				5A3EE734259797EB00C52BF5 /* Extension.swift */,
			);
			path = HelpersClasses;
			sourceTree = "<group>";
		};
		5AD444522597039600629EFC /* Controlers */ = {
			isa = PBXGroup;
			children = (
				5AD4443E2595A28B00629EFC /* ViewController.swift */,
			);
			path = Controlers;
			sourceTree = "<group>";
		};
		5AD444532597039600629EFC /* Models */ = {
			isa = PBXGroup;
			children = (
			);
			path = Models;
			sourceTree = "<group>";
		};
/* End PBXGroup section */

/* Begin PBXNativeTarget section */
		5AD444362595A28B00629EFC /* InterviewSample */ = {
			isa = PBXNativeTarget;
			buildConfigurationList = 5AD4444B2595A28E00629EFC /* Build configuration list for PBXNativeTarget "InterviewSample" */;
			buildPhases = (
				5AD444332595A28B00629EFC /* Sources */,
				5AD444342595A28B00629EFC /* Frameworks */,
				5AD444352595A28B00629EFC /* Resources */,
			);
			buildRules = (
			);
			dependencies = (
			);
			name = InterviewSample;
			productName = InterviewSample;
			productReference = 5AD444372595A28B00629EFC /* InterviewSample.app */;
			productType = "com.apple.product-type.application";
		};
/* End PBXNativeTarget section */

/* Begin PBXProject section */
		5AD4442F2595A28B00629EFC /* Project object */ = {
			isa = PBXProject;
			attributes = {
				LastSwiftUpdateCheck = 1220;
				LastUpgradeCheck = 1220;
				TargetAttributes = {
					5AD444362595A28B00629EFC = {
						CreatedOnToolsVersion = 12.2;
					};
				};
			};
			buildConfigurationList = 5AD444322595A28B00629EFC /* Build configuration list for PBXProject "InterviewSample" */;
			compatibilityVersion = "Xcode 9.3";
			developmentRegion = en;
			hasScannedForEncodings = 0;
			knownRegions = (
				en,
				Base,
			);
			mainGroup = 5AD4442E2595A28B00629EFC;
			productRefGroup = 5AD444382595A28B00629EFC /* Products */;
			projectDirPath = "";
			projectRoot = "";
			targets = (
				5AD444362595A28B00629EFC /* InterviewSample */,
			);
		};
/* End PBXProject section */

/* Begin PBXResourcesBuildPhase section */
		5AD444352595A28B00629EFC /* Resources */ = {
			isa = PBXResourcesBuildPhase;
			buildActionMask = 2147483647;
			files = (
				5AD444472595A28E00629EFC /* LaunchScreen.storyboard in Resources */,
				5AD444442595A28E00629EFC /* Assets.xcassets in Resources */,
				5A3EE71725971F6E00C52BF5 /* gothamrounded-bold.otf in Resources */,
				5A3EE71625971F6E00C52BF5 /* gothamrounded-medium.otf in Resources */,
				5A3EE71825971F6E00C52BF5 /* gothamrounded-book.otf in Resources */,
				5AD444422595A28C00629EFC /* Main.storyboard in Resources */,
			);
			runOnlyForDeploymentPostprocessing = 0;
		};
/* End PBXResourcesBuildPhase section */

/* Begin PBXSourcesBuildPhase section */
		5AD444332595A28B00629EFC /* Sources */ = {
			isa = PBXSourcesBuildPhase;
			buildActionMask = 2147483647;
			files = (
				5A3EE735259797EB00C52BF5 /* Extension.swift in Sources */,
				5AD4443F2595A28B00629EFC /* ViewController.swift in Sources */,
				5AD4443B2595A28B00629EFC /* AppDelegate.swift in Sources */,
				5AD4443D2595A28B00629EFC /* SceneDelegate.swift in Sources */,
				5AD4445725970C1900629EFC /* PlainCircularProgressBar.swift in Sources */,
			);
			runOnlyForDeploymentPostprocessing = 0;
		};
/* End PBXSourcesBuildPhase section */

/* Begin PBXVariantGroup section */
		5AD444402595A28C00629EFC /* Main.storyboard */ = {
			isa = PBXVariantGroup;
			children = (
				5AD444412595A28C00629EFC /* Base */,
			);
			name = Main.storyboard;
			sourceTree = "<group>";
		};
		5AD444452595A28E00629EFC /* LaunchScreen.storyboard */ = {
			isa = PBXVariantGroup;
			children = (
				5AD444462595A28E00629EFC /* Base */,
			);
			name = LaunchScreen.storyboard;
			sourceTree = "<group>";
		};
/* End PBXVariantGroup section */

/* Begin XCBuildConfiguration section */
		5AD444492595A28E00629EFC /* Debug */ = {
			isa = XCBuildConfiguration;
			buildSettings = {
				ALWAYS_SEARCH_USER_PATHS = NO;
				CLANG_ANALYZER_NONNULL = YES;
				CLANG_ANALYZER_NUMBER_OBJECT_CONVERSION = YES_AGGRESSIVE;
				CLANG_CXX_LANGUAGE_STANDARD = "gnu++14";
				CLANG_CXX_LIBRARY = "libc++";
				CLANG_ENABLE_MODULES = YES;
				CLANG_ENABLE_OBJC_ARC = YES;
				CLANG_ENABLE_OBJC_WEAK = YES;
				CLANG_WARN_BLOCK_CAPTURE_AUTORELEASING = YES;
				CLANG_WARN_BOOL_CONVERSION = YES;
				CLANG_WARN_COMMA = YES;
				CLANG_WARN_CONSTANT_CONVERSION = YES;
				CLANG_WARN_DEPRECATED_OBJC_IMPLEMENTATIONS = YES;
				CLANG_WARN_DIRECT_OBJC_ISA_USAGE = YES_ERROR;
				CLANG_WARN_DOCUMENTATION_COMMENTS = YES;
				CLANG_WARN_EMPTY_BODY = YES;
				CLANG_WARN_ENUM_CONVERSION = YES;
				CLANG_WARN_INFINITE_RECURSION = YES;
				CLANG_WARN_INT_CONVERSION = YES;
				CLANG_WARN_NON_LITERAL_NULL_CONVERSION = YES;
				CLANG_WARN_OBJC_IMPLICIT_RETAIN_SELF = YES;
				CLANG_WARN_OBJC_LITERAL_CONVERSION = YES;
				CLANG_WARN_OBJC_ROOT_CLASS = YES_ERROR;
				CLANG_WARN_QUOTED_INCLUDE_IN_FRAMEWORK_HEADER = YES;
				CLANG_WARN_RANGE_LOOP_ANALYSIS = YES;
				CLANG_WARN_STRICT_PROTOTYPES = YES;
				CLANG_WARN_SUSPICIOUS_MOVE = YES;
				CLANG_WARN_UNGUARDED_AVAILABILITY = YES_AGGRESSIVE;
				CLANG_WARN_UNREACHABLE_CODE = YES;
				CLANG_WARN__DUPLICATE_METHOD_MATCH = YES;
				COPY_PHASE_STRIP = NO;
				DEBUG_INFORMATION_FORMAT = dwarf;
				ENABLE_STRICT_OBJC_MSGSEND = YES;
				ENABLE_TESTABILITY = YES;
				GCC_C_LANGUAGE_STANDARD = gnu11;
				GCC_DYNAMIC_NO_PIC = NO;
				GCC_NO_COMMON_BLOCKS = YES;
				GCC_OPTIMIZATION_LEVEL = 0;
				GCC_PREPROCESSOR_DEFINITIONS = (
					"DEBUG=1",
					"$(inherited)",
				);
				GCC_WARN_64_TO_32_BIT_CONVERSION = YES;
				GCC_WARN_ABOUT_RETURN_TYPE = YES_ERROR;
				GCC_WARN_UNDECLARED_SELECTOR = YES;
				GCC_WARN_UNINITIALIZED_AUTOS = YES_AGGRESSIVE;
				GCC_WARN_UNUSED_FUNCTION = YES;
				GCC_WARN_UNUSED_VARIABLE = YES;
				IPHONEOS_DEPLOYMENT_TARGET = 14.0;
				MTL_ENABLE_DEBUG_INFO = INCLUDE_SOURCE;
				MTL_FAST_MATH = YES;
				ONLY_ACTIVE_ARCH = YES;
				SDKROOT = iphoneos;
				SWIFT_ACTIVE_COMPILATION_CONDITIONS = DEBUG;
				SWIFT_OPTIMIZATION_LEVEL = "-Onone";
			};
			name = Debug;
		};
		5AD4444A2595A28E00629EFC /* Release */ = {
			isa = XCBuildConfiguration;
			buildSettings = {
				ALWAYS_SEARCH_USER_PATHS = NO;
				CLANG_ANALYZER_NONNULL = YES;
				CLANG_ANALYZER_NUMBER_OBJECT_CONVERSION = YES_AGGRESSIVE;
				CLANG_CXX_LANGUAGE_STANDARD = "gnu++14";
				CLANG_CXX_LIBRARY = "libc++";
				CLANG_ENABLE_MODULES = YES;
				CLANG_ENABLE_OBJC_ARC = YES;
				CLANG_ENABLE_OBJC_WEAK = YES;
				CLANG_WARN_BLOCK_CAPTURE_AUTORELEASING = YES;
				CLANG_WARN_BOOL_CONVERSION = YES;
				CLANG_WARN_COMMA = YES;
				CLANG_WARN_CONSTANT_CONVERSION = YES;
				CLANG_WARN_DEPRECATED_OBJC_IMPLEMENTATIONS = YES;
				CLANG_WARN_DIRECT_OBJC_ISA_USAGE = YES_ERROR;
				CLANG_WARN_DOCUMENTATION_COMMENTS = YES;
				CLANG_WARN_EMPTY_BODY = YES;
				CLANG_WARN_ENUM_CONVERSION = YES;
				CLANG_WARN_INFINITE_RECURSION = YES;
				CLANG_WARN_INT_CONVERSION = YES;
				CLANG_WARN_NON_LITERAL_NULL_CONVERSION = YES;
				CLANG_WARN_OBJC_IMPLICIT_RETAIN_SELF = YES;
				CLANG_WARN_OBJC_LITERAL_CONVERSION = YES;
				CLANG_WARN_OBJC_ROOT_CLASS = YES_ERROR;
				CLANG_WARN_QUOTED_INCLUDE_IN_FRAMEWORK_HEADER = YES;
				CLANG_WARN_RANGE_LOOP_ANALYSIS = YES;
				CLANG_WARN_STRICT_PROTOTYPES = YES;
				CLANG_WARN_SUSPICIOUS_MOVE = YES;
				CLANG_WARN_UNGUARDED_AVAILABILITY = YES_AGGRESSIVE;
				CLANG_WARN_UNREACHABLE_CODE = YES;
				CLANG_WARN__DUPLICATE_METHOD_MATCH = YES;
				COPY_PHASE_STRIP = NO;
				DEBUG_INFORMATION_FORMAT = "dwarf-with-dsym";
				ENABLE_NS_ASSERTIONS = NO;
				ENABLE_STRICT_OBJC_MSGSEND = YES;
				GCC_C_LANGUAGE_STANDARD = gnu11;
				GCC_NO_COMMON_BLOCKS = YES;
				GCC_WARN_64_TO_32_BIT_CONVERSION = YES;
				GCC_WARN_ABOUT_RETURN_TYPE = YES_ERROR;
				GCC_WARN_UNDECLARED_SELECTOR = YES;
				GCC_WARN_UNINITIALIZED_AUTOS = YES_AGGRESSIVE;
				GCC_WARN_UNUSED_FUNCTION = YES;
				GCC_WARN_UNUSED_VARIABLE = YES;
				IPHONEOS_DEPLOYMENT_TARGET = 14.0;
				MTL_ENABLE_DEBUG_INFO = NO;
				MTL_FAST_MATH = YES;
				SDKROOT = iphoneos;
				SWIFT_COMPILATION_MODE = wholemodule;
				SWIFT_OPTIMIZATION_LEVEL = "-O";
				VALIDATE_PRODUCT = YES;
			};
			name = Release;
		};
		5AD4444C2595A28E00629EFC /* Debug */ = {
			isa = XCBuildConfiguration;
			buildSettings = {
				ASSETCATALOG_COMPILER_APPICON_NAME = AppIcon;
				ASSETCATALOG_COMPILER_GLOBAL_ACCENT_COLOR_NAME = AccentColor;
				CODE_SIGN_STYLE = Automatic;
				DEVELOPMENT_TEAM = KLS49NM99B;
				INFOPLIST_FILE = InterviewSample/Info.plist;
				IPHONEOS_DEPLOYMENT_TARGET = 13.0;
				LD_RUNPATH_SEARCH_PATHS = (
					"$(inherited)",
					"@executable_path/Frameworks",
				);
				PRODUCT_BUNDLE_IDENTIFIER = com.nobleHouseBot;
				PRODUCT_NAME = "$(TARGET_NAME)";
				SWIFT_VERSION = 5.0;
				TARGETED_DEVICE_FAMILY = "1,2";
			};
			name = Debug;
		};
		5AD4444D2595A28E00629EFC /* Release */ = {
			isa = XCBuildConfiguration;
			buildSettings = {
				ASSETCATALOG_COMPILER_APPICON_NAME = AppIcon;
				ASSETCATALOG_COMPILER_GLOBAL_ACCENT_COLOR_NAME = AccentColor;
				CODE_SIGN_STYLE = Automatic;
				DEVELOPMENT_TEAM = KLS49NM99B;
				INFOPLIST_FILE = InterviewSample/Info.plist;
				IPHONEOS_DEPLOYMENT_TARGET = 13.0;
				LD_RUNPATH_SEARCH_PATHS = (
					"$(inherited)",
					"@executable_path/Frameworks",
				);
				PRODUCT_BUNDLE_IDENTIFIER = com.nobleHouseBot;
				PRODUCT_NAME = "$(TARGET_NAME)";
				SWIFT_VERSION = 5.0;
				TARGETED_DEVICE_FAMILY = "1,2";
			};
			name = Release;
		};
/* End XCBuildConfiguration section */

/* Begin XCConfigurationList section */
		5AD444322595A28B00629EFC /* Build configuration list for PBXProject "InterviewSample" */ = {
			isa = XCConfigurationList;
			buildConfigurations = (
				5AD444492595A28E00629EFC /* Debug */,
				5AD4444A2595A28E00629EFC /* Release */,
			);
			defaultConfigurationIsVisible = 0;
			defaultConfigurationName = Release;
		};
		5AD4444B2595A28E00629EFC /* Build configuration list for PBXNativeTarget "InterviewSample" */ = {
			isa = XCConfigurationList;
			buildConfigurations = (
				5AD4444C2595A28E00629EFC /* Debug */,
				5AD4444D2595A28E00629EFC /* Release */,
			);
			defaultConfigurationIsVisible = 0;
			defaultConfigurationName = Release;
		};
/* End XCConfigurationList section */
	};
	rootObject = 5AD4442F2595A28B00629EFC /* Project object */;
}
